
Microsoft Visual Studio Solution File, Format Version 12.00
# Visual Studio 2012
Project("{FAE04EC0-301F-11D3-BF4B-00C04F79EFBC}") = "WikitudeDemo", "WikitudeDemo\WikitudeDemo.csproj", "{4FFD1706-19DA-4409-8655-DC0F837FB166}"
EndProject
Global
	GlobalSection(SolutionConfigurationPlatforms) = preSolution
		Debug|iPhoneSimulator = Debug|iPhoneSimulator
		Release|iPhone = Release|iPhone
		Release|iPhoneSimulator = Release|iPhoneSimulator
		Debug|iPhone = Debug|iPhone
	EndGlobalSection
	GlobalSection(ProjectConfigurationPlatforms) = postSolution
		{4FFD1706-19DA-4409-8655-DC0F837FB166}.Debug|iPhoneSimulator.ActiveCfg = Debug|iPhoneSimulator
		{4FFD1706-19DA-4409-8655-DC0F837FB166}.Debug|iPhoneSimulator.Build.0 = Debug|iPhoneSimulator
		{4FFD1706-19DA-4409-8655-DC0F837FB166}.Release|iPhone.ActiveCfg = Release|iPhone
		{4FFD1706-19DA-4409-8655-DC0F837FB166}.Release|iPhone.Build.0 = Release|iPhone
		{4FFD1706-19DA-4409-8655-DC0F837FB166}.Release|iPhoneSimulator.ActiveCfg = Release|iPhoneSimulator
		{4FFD1706-19DA-4409-8655-DC0F837FB166}.Release|iPhoneSimulator.Build.0 = Release|iPhoneSimulator
		{4FFD1706-19DA-4409-8655-DC0F837FB166}.Debug|iPhone.ActiveCfg = Debug|iPhone
		{4FFD1706-19DA-4409-8655-DC0F837FB166}.Debug|iPhone.Build.0 = Debug|iPhone
	EndGlobalSection
EndGlobal
